github.com/golang/protobuf v1.5.0/go.mod h1:FsONVRAS9T7sI+LIUmWTfcYkHO4aIWwzhcaSAoJOfIk=
github.com/google/go-cmp v0.5.5/go.mod h1:v8dTdLbMG2kIc/vJvl+f65V22dbkXbowE6jgT/gNBxE=
github.com/influxdata/influxdb1-client v0.0.0-20190809212627-fc22c7df067e h1:txQltCyjXAqVVSZDArPEhUTg35hKwVIuXwtQo7eAMNQ=
github.com/influxdata/influxdb1-client v0.0.0-20190809212627-fc22c7df067e/go.mod h1:qj24IKcXYK6Iy9ceXlo3Tc+vtHo9lIhSX5JddghvEPo=
github.com/influxdata/influxdb1-client v0.0.0-20191209144304-8bf82d3c094d h1:/WZQPMZNsjZ7IlCpsLGdQBINg5bxKQ1K1sh6awxLtkA=
github.com/influxdata/influxdb1-client v0.0.0-20191209144304-8bf82d3c094d/go.mod h1:qj24IKcXYK6Iy9ceXlo3Tc+vtHo9lIhSX5JddghvEPo=
github.com/influxdata/influxdb1-client v0.0.0-20200515024757-02f0bf5dbca3 h1:k3/6a1Shi7GGCp9QpyYuXsMM6ncTOjCzOE9Fd6CDA+Q=
github.com/influxdata/influxdb1-client v0.0.0-20200515024757-02f0bf5dbca3/go.mod h1:qj24IKcXYK6Iy9ceXlo3Tc+vtHo9lIhSX5JddghvEPo=
golang.org/x/xerrors v0.0.0-20191204190536-9bdfabe68543/go.mod h1:I/5z698sn9Ka8TeJc9MKroUUfqBBauWjQqLJ2OPfmY0=
google.golang.org/protobuf v1.26.0-rc.1/go.mod h1:jlhhOSvTdKEhbULTjvd4ARK9grFBp09yW+WbY/TyQbw=
google.golang.org/protobuf v1.27.1 h1:SnqbnDw1V7RiZcXPx5MEeqPv2s79L9i7BJUlG/+RurQ=
google.golang.org/protobuf v1.27.1/go.mod h1:9q0QmTI4eRPtz6boOQmLYwt+qCgq0jsYwAQnmE0givc=
